{
  "name": "liquid-hbs-repro",
  "lockfileVersion": 2,
  "requires": true,
  "packages": {
    "": {
      "devDependencies": {
        "liquidjs": "^6.4.3"
      }
    },
    "node_modules/liquidjs": {
      "version": "6.4.3",
      "resolved": "https://registry.npmjs.org/liquidjs/-/liquidjs-6.4.3.tgz",
      "integrity": "sha512-m1xSB10Ncu22NR3X0xdaqu/GvP1xadDCFYGqGgd6me8DAWjyA68BKE5DHJmSxw1CGsWPsX+Hj2v/87J2w/LvMQ==",
      "dev": true,
      "engines": {
        "node": ">=4.8.7"
      }
    }
  },
  "dependencies": {
    "liquidjs": {
      "version": "6.4.3",
      "resolved": "https://registry.npmjs.org/liquidjs/-/liquidjs-6.4.3.tgz",
      "integrity": "sha512-m1xSB10Ncu22NR3X0xdaqu/GvP1xadDCFYGqGgd6me8DAWjyA68BKE5DHJmSxw1CGsWPsX+Hj2v/87J2w/LvMQ==",
      "dev": true
    }
  }
}
